{
  "requires": true,
  "lockfileVersion": 1,
  "dependencies": {
    "@openzeppelin/contracts": {
      "version": "3.4.1",
      "resolved": "https://registry.npmjs.org/@openzeppelin/contracts/-/contracts-3.4.1.tgz",
      "integrity": "sha512-cUriqMauq1ylzP2TxePNdPqkwI7Le3Annh4K9rrpvKfSBB/bdW+Iu1ihBaTIABTAAJ85LmKL5SSPPL9ry8d1gQ=="
    },
    "singularitynet-platform-contracts": {
      "version": "1.0.1",
      "resolved": "https://registry.npmjs.org/singularitynet-platform-contracts/-/singularitynet-platform-contracts-1.0.1.tgz",
      "integrity": "sha512-EX7izqXvVUVUvIiqbWWnr0kIjhmR5+y7PDXybEcEHoOs/DDZ2SSmJH72dEUJLRJX11usUPm3nroZJwShjFYDeQ==",
      "requires": {
        "singularitynet-token-contracts": "^3.0.0"
      }
    },
    "singularitynet-token-contracts": {
      "version": "3.0.0",
      "resolved": "https://registry.npmjs.org/singularitynet-token-contracts/-/singularitynet-token-contracts-3.0.0.tgz",
      "integrity": "sha512-f2auof9gSN8TQNPZkdN8GvKFqY6rQTgmIrPzRgKR3H5xZ9OO5RGAWxFDsaCmBFjQqL+9ba7AaPgEMdRJ6OHs9g==",
      "requires": {
        "@openzeppelin/contracts": "^3.2.0"
      }
    }
  }
}
