{
  "requires": true,
  "lockfileVersion": 1,
  "dependencies": {
    "openzeppelin-solidity": {
      "version": "1.11.0",
      "resolved": "https://registry.npmjs.org/openzeppelin-solidity/-/openzeppelin-solidity-1.11.0.tgz",
      "integrity": "sha512-s4hFpQ9nMvFQBUuY0OJ7PfvSEprPcUph/YGvlgqJYQc6rNjsreRSj9Iq6ftTFI2anlECvWg/wWnNdPq4Tih1FA=="
    },
    "singularitynet-platform-contracts": {
      "version": "https://github.com/singnet/platform-contracts/releases/download/v0.2.3/singularitynet-platform-contracts-0.2.3.tgz",
      "integrity": "sha512-XyvwzZb1Z7ogwSjj2I4d38H//RKdv/uPH8LYHdaaIwXaytNss5Pls7oSXBpyPtbrGfKT/zeqzpeR+8QjhJOlKg==",
      "requires": {
        "openzeppelin-solidity": "1.11.0",
        "singularitynet-token-contracts": "2.0.0"
      }
    },
    "singularitynet-token-contracts": {
      "version": "2.0.0",
      "resolved": "https://registry.npmjs.org/singularitynet-token-contracts/-/singularitynet-token-contracts-2.0.0.tgz",
      "integrity": "sha512-ZyIELtGfTZZYN0x0b4Xg6zr35SHOBaTPP5iibOTdSLaLCfgmOuf5NLp+42lR0q+yp+m+hhsyRzRYrfQWj7VSIA==",
      "requires": {
        "zeppelin-solidity": "1.4.0"
      }
    },
    "zeppelin-solidity": {
      "version": "1.4.0",
      "resolved": "https://registry.npmjs.org/zeppelin-solidity/-/zeppelin-solidity-1.4.0.tgz",
      "integrity": "sha512-eJfD1Zf0ZP2m0oYnB/HM7JPJ81MNjs3qt+c/TRd5kvCSOU3EfYNHz5YfFgzkJzvPUGs0Zg8spzGROlqXShvisg=="
    }
  }
}
