{
  "name": "blockchain",
  "lockfileVersion": 3,
  "requires": true,
  "packages": {
    "": {
      "dependencies": {
        "singularitynet-platform-contracts": "1.0.2",
        "singularitynet-token-contracts": "3.0.1"
      }
    },
    "node_modules/@openzeppelin/contracts": {
      "version": "3.4.2",
      "resolved": "https://registry.npmjs.org/@openzeppelin/contracts/-/contracts-3.4.2.tgz",
      "integrity": "sha512-z0zMCjyhhp4y7XKAcDAi3Vgms4T2PstwBdahiO0+9NaGICQKjynK3wduSRplTgk4LXmoO1yfDGO5RbjKYxtuxA=="
    },
    "node_modules/singularitynet-platform-contracts": {
      "version": "1.0.2",
      "resolved": "https://registry.npmjs.org/singularitynet-platform-contracts/-/singularitynet-platform-contracts-1.0.2.tgz",
      "integrity": "sha512-5+0j1+UhPuFRD37XG7UxaqekYVvbEJ1xmfqBG0VlMnl+1khAXWw8C1+i3FYdyoZvMPtcIEH5iAoFsouBW91GQA==",
      "dependencies": {
        "singularitynet-token-contracts": "^3.0.1"
      }
    },
    "node_modules/singularitynet-token-contracts": {
      "version": "3.0.1",
      "resolved": "https://registry.npmjs.org/singularitynet-token-contracts/-/singularitynet-token-contracts-3.0.1.tgz",
      "integrity": "sha512-SBKlHkwQOLNma3H+jNXqh2dK5BZgHeECfpxurHBrwLQpe0wkePpWVAlYIZZTsdmwsPA4OpJR1nim6ON3RxGtQg==",
      "dependencies": {
        "@openzeppelin/contracts": "^3.2.0"
      }
    }
  }
}
